
Microsoft Visual Studio Solution File, Format Version 12.00
# Visual Studio Version 17
VisualStudioVersion = 17.3.32901.215
MinimumVisualStudioVersion = 10.0.40219.1
Project("{9A19103F-16F7-4668-BE54-9A1E7A4F7556}") = "WebApi2", "WebApi2\WebApi2.csproj", "{A9A2896A-93F3-4C0B-A277-C3D7663DE56E}"
EndProject
Project("{FAE04EC0-301F-11D3-BF4B-00C04F79EFBC}") = "WebApi2Test", "WebApi2Test\WebApi2Test.csproj", "{F291661A-6BD0-49C3-A60C-C635C05E85AD}"
EndProject
Global
	GlobalSection(SolutionConfigurationPlatforms) = preSolution
		Debug|Any CPU = Debug|Any CPU
		Release|Any CPU = Release|Any CPU
	EndGlobalSection
	GlobalSection(ProjectConfigurationPlatforms) = postSolution
		{A9A2896A-93F3-4C0B-A277-C3D7663DE56E}.Debug|Any CPU.ActiveCfg = Debug|Any CPU
		{A9A2896A-93F3-4C0B-A277-C3D7663DE56E}.Debug|Any CPU.Build.0 = Debug|Any CPU
		{A9A2896A-93F3-4C0B-A277-C3D7663DE56E}.Release|Any CPU.ActiveCfg = Release|Any CPU
		{A9A2896A-93F3-4C0B-A277-C3D7663DE56E}.Release|Any CPU.Build.0 = Release|Any CPU
		{F291661A-6BD0-49C3-A60C-C635C05E85AD}.Debug|Any CPU.ActiveCfg = Debug|Any CPU
		{F291661A-6BD0-49C3-A60C-C635C05E85AD}.Debug|Any CPU.Build.0 = Debug|Any CPU
		{F291661A-6BD0-49C3-A60C-C635C05E85AD}.Release|Any CPU.ActiveCfg = Release|Any CPU
		{F291661A-6BD0-49C3-A60C-C635C05E85AD}.Release|Any CPU.Build.0 = Release|Any CPU
	EndGlobalSection
	GlobalSection(SolutionProperties) = preSolution
		HideSolutionNode = FALSE
	EndGlobalSection
	GlobalSection(ExtensibilityGlobals) = postSolution
		SolutionGuid = {C19B9527-4EE4-45A0-9F05-4D2E1E5BB3E7}
	EndGlobalSection
EndGlobal
